
Microsoft Visual Studio Solution File, Format Version 12.00
# Visual Studio 15
VisualStudioVersion = 15.0.28010.2036
MinimumVisualStudioVersion = 10.0.40219.1
Project("{F2A71F9B-5D33-465A-A702-920D77279786}") = "ANN.Net", "ANN.Net\ANN.Net.fsproj", "{EECFCDA0-DB9E-4D36-BC4E-883A22CAF585}"
EndProject
Project("{F2A71F9B-5D33-465A-A702-920D77279786}") = "ANN.Core.Net", "ANN.Core.Net\ANN.Core.Net.fsproj", "{A013565B-F649-41F9-8B59-9C6E3E8DD4D8}"
EndProject
Project("{F2A71F9B-5D33-465A-A702-920D77279786}") = "ANN.Tests", "ANN.Tests\ANN.Tests.fsproj", "{7FFFC882-2CC1-48F0-AB73-A93C3C4805E2}"
EndProject
Global
	GlobalSection(SolutionConfigurationPlatforms) = preSolution
		Debug|Any CPU = Debug|Any CPU
		Release|Any CPU = Release|Any CPU
	EndGlobalSection
	GlobalSection(ProjectConfigurationPlatforms) = postSolution
		{EECFCDA0-DB9E-4D36-BC4E-883A22CAF585}.Debug|Any CPU.ActiveCfg = Debug|Any CPU
		{EECFCDA0-DB9E-4D36-BC4E-883A22CAF585}.Debug|Any CPU.Build.0 = Debug|Any CPU
		{EECFCDA0-DB9E-4D36-BC4E-883A22CAF585}.Release|Any CPU.ActiveCfg = Release|Any CPU
		{EECFCDA0-DB9E-4D36-BC4E-883A22CAF585}.Release|Any CPU.Build.0 = Release|Any CPU
		{A013565B-F649-41F9-8B59-9C6E3E8DD4D8}.Debug|Any CPU.ActiveCfg = Debug|Any CPU
		{A013565B-F649-41F9-8B59-9C6E3E8DD4D8}.Debug|Any CPU.Build.0 = Debug|Any CPU
		{A013565B-F649-41F9-8B59-9C6E3E8DD4D8}.Release|Any CPU.ActiveCfg = Release|Any CPU
		{A013565B-F649-41F9-8B59-9C6E3E8DD4D8}.Release|Any CPU.Build.0 = Release|Any CPU
		{7FFFC882-2CC1-48F0-AB73-A93C3C4805E2}.Debug|Any CPU.ActiveCfg = Debug|Any CPU
		{7FFFC882-2CC1-48F0-AB73-A93C3C4805E2}.Debug|Any CPU.Build.0 = Debug|Any CPU
		{7FFFC882-2CC1-48F0-AB73-A93C3C4805E2}.Release|Any CPU.ActiveCfg = Release|Any CPU
		{7FFFC882-2CC1-48F0-AB73-A93C3C4805E2}.Release|Any CPU.Build.0 = Release|Any CPU
	EndGlobalSection
	GlobalSection(SolutionProperties) = preSolution
		HideSolutionNode = FALSE
	EndGlobalSection
	GlobalSection(ExtensibilityGlobals) = postSolution
		SolutionGuid = {5CD58624-09D8-4137-9F59-DC08E5A40CFA}
	EndGlobalSection
EndGlobal
